
Microsoft Visual Studio Solution File, Format Version 12.00
# Visual Studio Version 16
VisualStudioVersion = 16.0.30611.23
MinimumVisualStudioVersion = 10.0.40219.1
Project("{2150E333-8FDC-42A3-9474-1A3956D46DE8}") = "Microservices", "Microservices", "{9E71AFBE-EB63-48C9-BD9F-A63BB44FDF46}"
EndProject
Project("{2150E333-8FDC-42A3-9474-1A3956D46DE8}") = "Domain", "Domain", "{0FB074D2-FE3B-4981-8757-4A50C732FD0C}"
EndProject
Project("{2150E333-8FDC-42A3-9474-1A3956D46DE8}") = "Infra.Bus", "Infra.Bus", "{1C6AD14C-1BA2-4211-9231-D52325401AB8}"
EndProject
Project("{2150E333-8FDC-42A3-9474-1A3956D46DE8}") = "Infra.IoC", "Infra.IoC", "{0D6DC69D-1D22-41A2-94B4-8F7D37152322}"
EndProject
Project("{2150E333-8FDC-42A3-9474-1A3956D46DE8}") = "Presentation", "Presentation", "{051A7573-9832-4088-80F2-52215A8A974A}"
EndProject
Project("{FAE04EC0-301F-11D3-BF4B-00C04F79EFBC}") = "MicroRabbit.Domain.Core", "MicroRabbit.Domain.Core\MicroRabbit.Domain.Core.csproj", "{C517A407-FCF9-4CA4-BCC8-A2E7650E8FF9}"
EndProject
Project("{FAE04EC0-301F-11D3-BF4B-00C04F79EFBC}") = "MicroRabbit.Infra.Bus", "MicroRabbit.Infra.Bus\MicroRabbit.Infra.Bus.csproj", "{0448932A-C768-4D61-AA81-ADB7F3230FB5}"
EndProject
Project("{FAE04EC0-301F-11D3-BF4B-00C04F79EFBC}") = "MicroRabbit.Infra.IoC", "MicroRabbit.Infra.IoC\MicroRabbit.Infra.IoC.csproj", "{274B47DA-61F2-4085-9609-C237E65902C6}"
EndProject
Global
	GlobalSection(SolutionConfigurationPlatforms) = preSolution
		Debug|Any CPU = Debug|Any CPU
		Release|Any CPU = Release|Any CPU
	EndGlobalSection
	GlobalSection(ProjectConfigurationPlatforms) = postSolution
		{C517A407-FCF9-4CA4-BCC8-A2E7650E8FF9}.Debug|Any CPU.ActiveCfg = Debug|Any CPU
		{C517A407-FCF9-4CA4-BCC8-A2E7650E8FF9}.Debug|Any CPU.Build.0 = Debug|Any CPU
		{C517A407-FCF9-4CA4-BCC8-A2E7650E8FF9}.Release|Any CPU.ActiveCfg = Release|Any CPU
		{C517A407-FCF9-4CA4-BCC8-A2E7650E8FF9}.Release|Any CPU.Build.0 = Release|Any CPU
		{0448932A-C768-4D61-AA81-ADB7F3230FB5}.Debug|Any CPU.ActiveCfg = Debug|Any CPU
		{0448932A-C768-4D61-AA81-ADB7F3230FB5}.Debug|Any CPU.Build.0 = Debug|Any CPU
		{0448932A-C768-4D61-AA81-ADB7F3230FB5}.Release|Any CPU.ActiveCfg = Release|Any CPU
		{0448932A-C768-4D61-AA81-ADB7F3230FB5}.Release|Any CPU.Build.0 = Release|Any CPU
		{274B47DA-61F2-4085-9609-C237E65902C6}.Debug|Any CPU.ActiveCfg = Debug|Any CPU
		{274B47DA-61F2-4085-9609-C237E65902C6}.Debug|Any CPU.Build.0 = Debug|Any CPU
		{274B47DA-61F2-4085-9609-C237E65902C6}.Release|Any CPU.ActiveCfg = Release|Any CPU
		{274B47DA-61F2-4085-9609-C237E65902C6}.Release|Any CPU.Build.0 = Release|Any CPU
	EndGlobalSection
	GlobalSection(SolutionProperties) = preSolution
		HideSolutionNode = FALSE
	EndGlobalSection
	GlobalSection(NestedProjects) = preSolution
		{C517A407-FCF9-4CA4-BCC8-A2E7650E8FF9} = {0FB074D2-FE3B-4981-8757-4A50C732FD0C}
		{0448932A-C768-4D61-AA81-ADB7F3230FB5} = {1C6AD14C-1BA2-4211-9231-D52325401AB8}
		{274B47DA-61F2-4085-9609-C237E65902C6} = {0D6DC69D-1D22-41A2-94B4-8F7D37152322}
	EndGlobalSection
	GlobalSection(ExtensibilityGlobals) = postSolution
		SolutionGuid = {66AC9E25-D304-4B2E-864C-DDB6D8A1F233}
	EndGlobalSection
EndGlobal
